// !$*UTF8*$!
{
	archiveVersion = 1;
	classes = {
	};
	objectVersion = 46;
	objects = {

/* Begin PBXBuildFile section */
		1C2536B31DB083FD0037CAE8 /* CmdViewController.swift in Sources */ = {isa = PBXBuildFile; fileRef = 1C2536B21DB083FD0037CAE8 /* CmdViewController.swift */; };
		1C2536B51DB08E320037CAE8 /* ReadBattery.swift in Sources */ = {isa = PBXBuildFile; fileRef = 1C2536B41DB08E320037CAE8 /* ReadBattery.swift */; };
		1C2536B91DB08FC40037CAE8 /* MyParser.swift in Sources */ = {isa = PBXBuildFile; fileRef = 1C2536B71DB08FC40037CAE8 /* MyParser.swift */; };
		1C2536BA1DB08FC40037CAE8 /* ReceiveDataCenter.swift in Sources */ = {isa = PBXBuildFile; fileRef = 1C2536B81DB08FC40037CAE8 /* ReceiveDataCenter.swift */; };
		1C2536BE1DB096580037CAE8 /* SynTime.swift in Sources */ = {isa = PBXBuildFile; fileRef = 1C2536BD1DB096580037CAE8 /* SynTime.swift */; };
		1CDAA6A61D5826A50052DFCB /* AppDelegate.swift in Sources */ = {isa = PBXBuildFile; fileRef = 1CDAA6A51D5826A50052DFCB /* AppDelegate.swift */; };
		1CDAA6A81D5826A50052DFCB /* ViewController.swift in Sources */ = {isa = PBXBuildFile; fileRef = 1CDAA6A71D5826A50052DFCB /* ViewController.swift */; };
		1CDAA6AB1D5826A50052DFCB /* Main.storyboard in Resources */ = {isa = PBXBuildFile; fileRef = 1CDAA6A91D5826A50052DFCB /* Main.storyboard */; };
		1CDAA6AD1D5826A50052DFCB /* Assets.xcassets in Resources */ = {isa = PBXBuildFile; fileRef = 1CDAA6AC1D5826A50052DFCB /* Assets.xcassets */; };
		1CDAA6B01D5826A50052DFCB /* LaunchScreen.storyboard in Resources */ = {isa = PBXBuildFile; fileRef = 1CDAA6AE1D5826A50052DFCB /* LaunchScreen.storyboard */; };
		1CDE0BF21D79289B006E47B3 /* ReadRSSI.swift in Sources */ = {isa = PBXBuildFile; fileRef = 1CDE0BF11D79289B006E47B3 /* ReadRSSI.swift */; };
		D57ED5234EF3EA26A967F4B2 /* Pods_CmdBleExample.framework in Frameworks */ = {isa = PBXBuildFile; fileRef = 643F04A12DB946EF260BC3B5 /* Pods_CmdBleExample.framework */; };
/* End PBXBuildFile section */

/* Begin PBXFileReference section */
		1C2536B21DB083FD0037CAE8 /* CmdViewController.swift */ = {isa = PBXFileReference; fileEncoding = 4; lastKnownFileType = sourcecode.swift; path = CmdViewController.swift; sourceTree = "<group>"; };
		1C2536B41DB08E320037CAE8 /* ReadBattery.swift */ = {isa = PBXFileReference; fileEncoding = 4; lastKnownFileType = sourcecode.swift; path = ReadBattery.swift; sourceTree = "<group>"; };
		1C2536B71DB08FC40037CAE8 /* MyParser.swift */ = {isa = PBXFileReference; fileEncoding = 4; lastKnownFileType = sourcecode.swift; path = MyParser.swift; sourceTree = "<group>"; };
		1C2536B81DB08FC40037CAE8 /* ReceiveDataCenter.swift */ = {isa = PBXFileReference; fileEncoding = 4; lastKnownFileType = sourcecode.swift; path = ReceiveDataCenter.swift; sourceTree = "<group>"; };
		1C2536BD1DB096580037CAE8 /* SynTime.swift */ = {isa = PBXFileReference; fileEncoding = 4; lastKnownFileType = sourcecode.swift; path = SynTime.swift; sourceTree = "<group>"; };
		1CDAA6A21D5826A50052DFCB /* CmdBleExample.app */ = {isa = PBXFileReference; explicitFileType = wrapper.application; includeInIndex = 0; path = CmdBleExample.app; sourceTree = BUILT_PRODUCTS_DIR; };
		1CDAA6A51D5826A50052DFCB /* AppDelegate.swift */ = {isa = PBXFileReference; lastKnownFileType = sourcecode.swift; path = AppDelegate.swift; sourceTree = "<group>"; };
		1CDAA6A71D5826A50052DFCB /* ViewController.swift */ = {isa = PBXFileReference; lastKnownFileType = sourcecode.swift; path = ViewController.swift; sourceTree = "<group>"; };
		1CDAA6AA1D5826A50052DFCB /* Base */ = {isa = PBXFileReference; lastKnownFileType = file.storyboard; name = Base; path = Base.lproj/Main.storyboard; sourceTree = "<group>"; };
		1CDAA6AC1D5826A50052DFCB /* Assets.xcassets */ = {isa = PBXFileReference; lastKnownFileType = folder.assetcatalog; path = Assets.xcassets; sourceTree = "<group>"; };
		1CDAA6AF1D5826A50052DFCB /* Base */ = {isa = PBXFileReference; lastKnownFileType = file.storyboard; name = Base; path = Base.lproj/LaunchScreen.storyboard; sourceTree = "<group>"; };
		1CDAA6B11D5826A50052DFCB /* Info.plist */ = {isa = PBXFileReference; lastKnownFileType = text.plist.xml; path = Info.plist; sourceTree = "<group>"; };
		1CDE0BF11D79289B006E47B3 /* ReadRSSI.swift */ = {isa = PBXFileReference; fileEncoding = 4; lastKnownFileType = sourcecode.swift; path = ReadRSSI.swift; sourceTree = "<group>"; };
		3FA315D749AAF10848F02BB8 /* Pods-CmdBleExample.release.xcconfig */ = {isa = PBXFileReference; includeInIndex = 1; lastKnownFileType = text.xcconfig; name = "Pods-CmdBleExample.release.xcconfig"; path = "Pods/Target Support Files/Pods-CmdBleExample/Pods-CmdBleExample.release.xcconfig"; sourceTree = "<group>"; };
		643F04A12DB946EF260BC3B5 /* Pods_CmdBleExample.framework */ = {isa = PBXFileReference; explicitFileType = wrapper.framework; includeInIndex = 0; path = Pods_CmdBleExample.framework; sourceTree = BUILT_PRODUCTS_DIR; };
		A0C39C3EDE05B2003FCD42E3 /* Pods-CmdBleExample.debug.xcconfig */ = {isa = PBXFileReference; includeInIndex = 1; lastKnownFileType = text.xcconfig; name = "Pods-CmdBleExample.debug.xcconfig"; path = "Pods/Target Support Files/Pods-CmdBleExample/Pods-CmdBleExample.debug.xcconfig"; sourceTree = "<group>"; };
/* End PBXFileReference section */

/* Begin PBXFrameworksBuildPhase section */
		1CDAA69F1D5826A50052DFCB /* Frameworks */ = {
			isa = PBXFrameworksBuildPhase;
			buildActionMask = 2147483647;
			files = (
				D57ED5234EF3EA26A967F4B2 /* Pods_CmdBleExample.framework in Frameworks */,
			);
			runOnlyForDeploymentPostprocessing = 0;
		};
/* End PBXFrameworksBuildPhase section */

/* Begin PBXGroup section */
		1C2536B61DB08FAA0037CAE8 /* Basic */ = {
			isa = PBXGroup;
			children = (
				1C2536B71DB08FC40037CAE8 /* MyParser.swift */,
				1C2536B81DB08FC40037CAE8 /* ReceiveDataCenter.swift */,
			);
			path = Basic;
			sourceTree = "<group>";
		};
		1CDAA6991D5826A50052DFCB = {
			isa = PBXGroup;
			children = (
				1CDAA6A41D5826A50052DFCB /* CmdBleExample */,
				1CDAA6A31D5826A50052DFCB /* Products */,
				789D06A09B855CEEBE067E6A /* Pods */,
				92402DE669AF58AE298A07C1 /* Frameworks */,
			);
			sourceTree = "<group>";
		};
		1CDAA6A31D5826A50052DFCB /* Products */ = {
			isa = PBXGroup;
			children = (
				1CDAA6A21D5826A50052DFCB /* CmdBleExample.app */,
			);
			name = Products;
			sourceTree = "<group>";
		};
		1CDAA6A41D5826A50052DFCB /* CmdBleExample */ = {
			isa = PBXGroup;
			children = (
				1CDAA6CE1D5836910052DFCB /* Cmd */,
				1CDAA6A51D5826A50052DFCB /* AppDelegate.swift */,
				1CDAA6A71D5826A50052DFCB /* ViewController.swift */,
				1C2536B21DB083FD0037CAE8 /* CmdViewController.swift */,
				1CDAA6A91D5826A50052DFCB /* Main.storyboard */,
				1CDAA6AC1D5826A50052DFCB /* Assets.xcassets */,
				1CDAA6AE1D5826A50052DFCB /* LaunchScreen.storyboard */,
				1CDAA6B11D5826A50052DFCB /* Info.plist */,
			);
			path = CmdBleExample;
			sourceTree = "<group>";
		};
		1CDAA6CE1D5836910052DFCB /* Cmd */ = {
			isa = PBXGroup;
			children = (
				1C2536B61DB08FAA0037CAE8 /* Basic */,
				1CDE0BF11D79289B006E47B3 /* ReadRSSI.swift */,
				1C2536B41DB08E320037CAE8 /* ReadBattery.swift */,
				1C2536BD1DB096580037CAE8 /* SynTime.swift */,
			);
			path = Cmd;
			sourceTree = "<group>";
		};
		789D06A09B855CEEBE067E6A /* Pods */ = {
			isa = PBXGroup;
			children = (
				A0C39C3EDE05B2003FCD42E3 /* Pods-CmdBleExample.debug.xcconfig */,
				3FA315D749AAF10848F02BB8 /* Pods-CmdBleExample.release.xcconfig */,
			);
			name = Pods;
			sourceTree = "<group>";
		};
		92402DE669AF58AE298A07C1 /* Frameworks */ = {
			isa = PBXGroup;
			children = (
				643F04A12DB946EF260BC3B5 /* Pods_CmdBleExample.framework */,
			);
			name = Frameworks;
			sourceTree = "<group>";
		};
/* End PBXGroup section */

/* Begin PBXNativeTarget section */
		1CDAA6A11D5826A50052DFCB /* CmdBleExample */ = {
			isa = PBXNativeTarget;
			buildConfigurationList = 1CDAA6B41D5826A50052DFCB /* Build configuration list for PBXNativeTarget "CmdBleExample" */;
			buildPhases = (
				9FC68B6E6E59C3531904DFC4 /* [CP] Check Pods Manifest.lock */,
				1CDAA69E1D5826A50052DFCB /* Sources */,
				1CDAA69F1D5826A50052DFCB /* Frameworks */,
				1CDAA6A01D5826A50052DFCB /* Resources */,
				6B1355123CB186CF4167BA99 /* [CP] Embed Pods Frameworks */,
				44221B7DD7EDFA3B27CB5CFE /* [CP] Copy Pods Resources */,
			);
			buildRules = (
			);
			dependencies = (
			);
			name = CmdBleExample;
			productName = CmdBleExample;
			productReference = 1CDAA6A21D5826A50052DFCB /* CmdBleExample.app */;
			productType = "com.apple.product-type.application";
		};
/* End PBXNativeTarget section */

/* Begin PBXProject section */
		1CDAA69A1D5826A50052DFCB /* Project object */ = {
			isa = PBXProject;
			attributes = {
				LastSwiftUpdateCheck = 0730;
				LastUpgradeCheck = 0730;
				ORGANIZATIONNAME = Zero;
				TargetAttributes = {
					1CDAA6A11D5826A50052DFCB = {
						CreatedOnToolsVersion = 7.3.1;
						DevelopmentTeam = 4K4Q9JA95Y;
						LastSwiftMigration = 0800;
					};
				};
			};
			buildConfigurationList = 1CDAA69D1D5826A50052DFCB /* Build configuration list for PBXProject "CmdBleExample" */;
			compatibilityVersion = "Xcode 3.2";
			developmentRegion = English;
			hasScannedForEncodings = 0;
			knownRegions = (
				en,
				Base,
			);
			mainGroup = 1CDAA6991D5826A50052DFCB;
			productRefGroup = 1CDAA6A31D5826A50052DFCB /* Products */;
			projectDirPath = "";
			projectRoot = "";
			targets = (
				1CDAA6A11D5826A50052DFCB /* CmdBleExample */,
			);
		};
/* End PBXProject section */

/* Begin PBXResourcesBuildPhase section */
		1CDAA6A01D5826A50052DFCB /* Resources */ = {
			isa = PBXResourcesBuildPhase;
			buildActionMask = 2147483647;
			files = (
				1CDAA6B01D5826A50052DFCB /* LaunchScreen.storyboard in Resources */,
				1CDAA6AD1D5826A50052DFCB /* Assets.xcassets in Resources */,
				1CDAA6AB1D5826A50052DFCB /* Main.storyboard in Resources */,
			);
			runOnlyForDeploymentPostprocessing = 0;
		};
/* End PBXResourcesBuildPhase section */

/* Begin PBXShellScriptBuildPhase section */
		44221B7DD7EDFA3B27CB5CFE /* [CP] Copy Pods Resources */ = {
			isa = PBXShellScriptBuildPhase;
			buildActionMask = 2147483647;
			files = (
			);
			inputPaths = (
			);
			name = "[CP] Copy Pods Resources";
			outputPaths = (
			);
			runOnlyForDeploymentPostprocessing = 0;
			shellPath = /bin/sh;
			shellScript = "\"${SRCROOT}/Pods/Target Support Files/Pods-CmdBleExample/Pods-CmdBleExample-resources.sh\"\n";
			showEnvVarsInLog = 0;
		};
		6B1355123CB186CF4167BA99 /* [CP] Embed Pods Frameworks */ = {
			isa = PBXShellScriptBuildPhase;
			buildActionMask = 2147483647;
			files = (
			);
			inputPaths = (
			);
			name = "[CP] Embed Pods Frameworks";
			outputPaths = (
			);
			runOnlyForDeploymentPostprocessing = 0;
			shellPath = /bin/sh;
			shellScript = "\"${SRCROOT}/Pods/Target Support Files/Pods-CmdBleExample/Pods-CmdBleExample-frameworks.sh\"\n";
			showEnvVarsInLog = 0;
		};
		9FC68B6E6E59C3531904DFC4 /* [CP] Check Pods Manifest.lock */ = {
			isa = PBXShellScriptBuildPhase;
			buildActionMask = 2147483647;
			files = (
			);
			inputPaths = (
			);
			name = "[CP] Check Pods Manifest.lock";
			outputPaths = (
			);
			runOnlyForDeploymentPostprocessing = 0;
			shellPath = /bin/sh;
			shellScript = "diff \"${PODS_ROOT}/../Podfile.lock\" \"${PODS_ROOT}/Manifest.lock\" > /dev/null\nif [ $? != 0 ] ; then\n    # print error to STDERR\n    echo \"error: The sandbox is not in sync with the Podfile.lock. Run 'pod install' or update your CocoaPods installation.\" >&2\n    exit 1\nfi\n";
			showEnvVarsInLog = 0;
		};
/* End PBXShellScriptBuildPhase section */

/* Begin PBXSourcesBuildPhase section */
		1CDAA69E1D5826A50052DFCB /* Sources */ = {
			isa = PBXSourcesBuildPhase;
			buildActionMask = 2147483647;
			files = (
				1C2536B51DB08E320037CAE8 /* ReadBattery.swift in Sources */,
				1C2536BE1DB096580037CAE8 /* SynTime.swift in Sources */,
				1CDAA6A81D5826A50052DFCB /* ViewController.swift in Sources */,
				1C2536B31DB083FD0037CAE8 /* CmdViewController.swift in Sources */,
				1CDE0BF21D79289B006E47B3 /* ReadRSSI.swift in Sources */,
				1C2536BA1DB08FC40037CAE8 /* ReceiveDataCenter.swift in Sources */,
				1C2536B91DB08FC40037CAE8 /* MyParser.swift in Sources */,
				1CDAA6A61D5826A50052DFCB /* AppDelegate.swift in Sources */,
			);
			runOnlyForDeploymentPostprocessing = 0;
		};
/* End PBXSourcesBuildPhase section */

/* Begin PBXVariantGroup section */
		1CDAA6A91D5826A50052DFCB /* Main.storyboard */ = {
			isa = PBXVariantGroup;
			children = (
				1CDAA6AA1D5826A50052DFCB /* Base */,
			);
			name = Main.storyboard;
			sourceTree = "<group>";
		};
		1CDAA6AE1D5826A50052DFCB /* LaunchScreen.storyboard */ = {
			isa = PBXVariantGroup;
			children = (
				1CDAA6AF1D5826A50052DFCB /* Base */,
			);
			name = LaunchScreen.storyboard;
			sourceTree = "<group>";
		};
/* End PBXVariantGroup section */

/* Begin XCBuildConfiguration section */
		1CDAA6B21D5826A50052DFCB /* Debug */ = {
			isa = XCBuildConfiguration;
			buildSettings = {
				ALWAYS_SEARCH_USER_PATHS = NO;
				CLANG_ANALYZER_NONNULL = YES;
				CLANG_CXX_LANGUAGE_STANDARD = "gnu++0x";
				CLANG_CXX_LIBRARY = "libc++";
				CLANG_ENABLE_MODULES = YES;
				CLANG_ENABLE_OBJC_ARC = YES;
				CLANG_WARN_BOOL_CONVERSION = YES;
				CLANG_WARN_CONSTANT_CONVERSION = YES;
				CLANG_WARN_DIRECT_OBJC_ISA_USAGE = YES_ERROR;
				CLANG_WARN_EMPTY_BODY = YES;
				CLANG_WARN_ENUM_CONVERSION = YES;
				CLANG_WARN_INT_CONVERSION = YES;
				CLANG_WARN_OBJC_ROOT_CLASS = YES_ERROR;
				CLANG_WARN_UNREACHABLE_CODE = YES;
				CLANG_WARN__DUPLICATE_METHOD_MATCH = YES;
				"CODE_SIGN_IDENTITY[sdk=iphoneos*]" = "iPhone Developer";
				COPY_PHASE_STRIP = NO;
				DEBUG_INFORMATION_FORMAT = dwarf;
				ENABLE_STRICT_OBJC_MSGSEND = YES;
				ENABLE_TESTABILITY = YES;
				GCC_C_LANGUAGE_STANDARD = gnu99;
				GCC_DYNAMIC_NO_PIC = NO;
				GCC_NO_COMMON_BLOCKS = YES;
				GCC_OPTIMIZATION_LEVEL = 0;
				GCC_PREPROCESSOR_DEFINITIONS = (
					"DEBUG=1",
					"$(inherited)",
				);
				GCC_WARN_64_TO_32_BIT_CONVERSION = YES;
				GCC_WARN_ABOUT_RETURN_TYPE = YES_ERROR;
				GCC_WARN_UNDECLARED_SELECTOR = YES;
				GCC_WARN_UNINITIALIZED_AUTOS = YES_AGGRESSIVE;
				GCC_WARN_UNUSED_FUNCTION = YES;
				GCC_WARN_UNUSED_VARIABLE = YES;
				IPHONEOS_DEPLOYMENT_TARGET = 9.0;
				MTL_ENABLE_DEBUG_INFO = YES;
				ONLY_ACTIVE_ARCH = YES;
				SDKROOT = iphoneos;
				SWIFT_OPTIMIZATION_LEVEL = "-Onone";
				TARGETED_DEVICE_FAMILY = "1,2";
			};
			name = Debug;
		};
		1CDAA6B31D5826A50052DFCB /* Release */ = {
			isa = XCBuildConfiguration;
			buildSettings = {
				ALWAYS_SEARCH_USER_PATHS = NO;
				CLANG_ANALYZER_NONNULL = YES;
				CLANG_CXX_LANGUAGE_STANDARD = "gnu++0x";
				CLANG_CXX_LIBRARY = "libc++";
				CLANG_ENABLE_MODULES = YES;
				CLANG_ENABLE_OBJC_ARC = YES;
				CLANG_WARN_BOOL_CONVERSION = YES;
				CLANG_WARN_CONSTANT_CONVERSION = YES;
				CLANG_WARN_DIRECT_OBJC_ISA_USAGE = YES_ERROR;
				CLANG_WARN_EMPTY_BODY = YES;
				CLANG_WARN_ENUM_CONVERSION = YES;
				CLANG_WARN_INT_CONVERSION = YES;
				CLANG_WARN_OBJC_ROOT_CLASS = YES_ERROR;
				CLANG_WARN_UNREACHABLE_CODE = YES;
				CLANG_WARN__DUPLICATE_METHOD_MATCH = YES;
				"CODE_SIGN_IDENTITY[sdk=iphoneos*]" = "iPhone Developer";
				COPY_PHASE_STRIP = NO;
				DEBUG_INFORMATION_FORMAT = "dwarf-with-dsym";
				ENABLE_NS_ASSERTIONS = NO;
				ENABLE_STRICT_OBJC_MSGSEND = YES;
				GCC_C_LANGUAGE_STANDARD = gnu99;
				GCC_NO_COMMON_BLOCKS = YES;
				GCC_WARN_64_TO_32_BIT_CONVERSION = YES;
				GCC_WARN_ABOUT_RETURN_TYPE = YES_ERROR;
				GCC_WARN_UNDECLARED_SELECTOR = YES;
				GCC_WARN_UNINITIALIZED_AUTOS = YES_AGGRESSIVE;
				GCC_WARN_UNUSED_FUNCTION = YES;
				GCC_WARN_UNUSED_VARIABLE = YES;
				IPHONEOS_DEPLOYMENT_TARGET = 9.0;
				MTL_ENABLE_DEBUG_INFO = NO;
				SDKROOT = iphoneos;
				TARGETED_DEVICE_FAMILY = "1,2";
				VALIDATE_PRODUCT = YES;
			};
			name = Release;
		};
		1CDAA6B51D5826A50052DFCB /* Debug */ = {
			isa = XCBuildConfiguration;
			baseConfigurationReference = A0C39C3EDE05B2003FCD42E3 /* Pods-CmdBleExample.debug.xcconfig */;
			buildSettings = {
				ASSETCATALOG_COMPILER_APPICON_NAME = AppIcon;
				DEVELOPMENT_TEAM = 4K4Q9JA95Y;
				INFOPLIST_FILE = CmdBleExample/Info.plist;
				IPHONEOS_DEPLOYMENT_TARGET = 9.0;
				LD_RUNPATH_SEARCH_PATHS = "$(inherited) @executable_path/Frameworks";
				PRODUCT_BUNDLE_IDENTIFIER = com.Zero.CmdBleExample;
				PRODUCT_NAME = "$(TARGET_NAME)";
				SWIFT_VERSION = 3.0;
			};
			name = Debug;
		};
		1CDAA6B61D5826A50052DFCB /* Release */ = {
			isa = XCBuildConfiguration;
			baseConfigurationReference = 3FA315D749AAF10848F02BB8 /* Pods-CmdBleExample.release.xcconfig */;
			buildSettings = {
				ASSETCATALOG_COMPILER_APPICON_NAME = AppIcon;
				DEVELOPMENT_TEAM = 4K4Q9JA95Y;
				INFOPLIST_FILE = CmdBleExample/Info.plist;
				IPHONEOS_DEPLOYMENT_TARGET = 9.0;
				LD_RUNPATH_SEARCH_PATHS = "$(inherited) @executable_path/Frameworks";
				PRODUCT_BUNDLE_IDENTIFIER = com.Zero.CmdBleExample;
				PRODUCT_NAME = "$(TARGET_NAME)";
				SWIFT_VERSION = 3.0;
			};
			name = Release;
		};
/* End XCBuildConfiguration section */

/* Begin XCConfigurationList section */
		1CDAA69D1D5826A50052DFCB /* Build configuration list for PBXProject "CmdBleExample" */ = {
			isa = XCConfigurationList;
			buildConfigurations = (
				1CDAA6B21D5826A50052DFCB /* Debug */,
				1CDAA6B31D5826A50052DFCB /* Release */,
			);
			defaultConfigurationIsVisible = 0;
			defaultConfigurationName = Release;
		};
		1CDAA6B41D5826A50052DFCB /* Build configuration list for PBXNativeTarget "CmdBleExample" */ = {
			isa = XCConfigurationList;
			buildConfigurations = (
				1CDAA6B51D5826A50052DFCB /* Debug */,
				1CDAA6B61D5826A50052DFCB /* Release */,
			);
			defaultConfigurationIsVisible = 0;
			defaultConfigurationName = Release;
		};
/* End XCConfigurationList section */
	};
	rootObject = 1CDAA69A1D5826A50052DFCB /* Project object */;
}
